
Microsoft Visual Studio Solution File, Format Version 12.00
# Visual Studio Version 17
VisualStudioVersion = 17.13.35818.85 d17.13
MinimumVisualStudioVersion = 10.0.40219.1
Project("{FAE04EC0-301F-11D3-BF4B-00C04F79EFBC}") = "MinMaxBinarySearch", "MinMaxBinarySearch\MinMaxBinarySearch.csproj", "{6EF140BF-EC70-46F3-9A79-43E33B76B370}"
EndProject
Global
	GlobalSection(SolutionConfigurationPlatforms) = preSolution
		Debug|Any CPU = Debug|Any CPU
		Release|Any CPU = Release|Any CPU
	EndGlobalSection
	GlobalSection(ProjectConfigurationPlatforms) = postSolution
		{6EF140BF-EC70-46F3-9A79-43E33B76B370}.Debug|Any CPU.ActiveCfg = Debug|Any CPU
		{6EF140BF-EC70-46F3-9A79-43E33B76B370}.Debug|Any CPU.Build.0 = Debug|Any CPU
		{6EF140BF-EC70-46F3-9A79-43E33B76B370}.Release|Any CPU.ActiveCfg = Release|Any CPU
		{6EF140BF-EC70-46F3-9A79-43E33B76B370}.Release|Any CPU.Build.0 = Release|Any CPU
	EndGlobalSection
	GlobalSection(SolutionProperties) = preSolution
		HideSolutionNode = FALSE
	EndGlobalSection
	GlobalSection(ExtensibilityGlobals) = postSolution
		SolutionGuid = {AFEC2656-E96B-49BE-BCCA-DAA17700BA90}
	EndGlobalSection
EndGlobal
